version: v0.142.0
dependencies:
- name: cert-manager
  repository: https://charts.jetstack.io
  version: v1.6.1
- name: kubernetes-dashboard
  repository: https://kubernetes.github.io/dashboard/
  version: 5.0.4
digest: sha256:579117b6205f257e3258f72996151f53d140f527f78692f59e22941be4e56b49
generated: "2021-12-01T15:16:13.008732+02:00"
